{
  "nodes": {
    "confctl": {
      "inputs": {
        "nixpkgs": "nixpkgs"
      },
      "locked": {
        "path": "..",
        "type": "path"
      },
      "original": {
        "path": "..",
        "type": "path"
      },
      "parent": []
    },
    "nixpkgs": {
      "locked": {
        "lastModified": 1771008912,
        "narHash": "sha256-gf2AmWVTs8lEq7z/3ZAsgnZDhWIckkb+ZnAo5RzSxJg=",
        "owner": "NixOS",
        "repo": "nixpkgs",
        "rev": "a82ccc39b39b621151d6732718e3e250109076fa",
        "type": "github"
      },
      "original": {
        "owner": "NixOS",
        "ref": "nixos-unstable",
        "repo": "nixpkgs",
        "type": "github"
      }
    },
    "nixpkgs_2": {
      "locked": {
        "lastModified": 1771008912,
        "narHash": "sha256-gf2AmWVTs8lEq7z/3ZAsgnZDhWIckkb+ZnAo5RzSxJg=",
        "owner": "NixOS",
        "repo": "nixpkgs",
        "rev": "a82ccc39b39b621151d6732718e3e250109076fa",
        "type": "github"
      },
      "original": {
        "owner": "NixOS",
        "ref": "nixos-unstable",
        "repo": "nixpkgs",
        "type": "github"
      }
    },
    "root": {
      "inputs": {
        "confctl": "confctl",
        "nixpkgs": "nixpkgs_2",
        "vpsadminos": "vpsadminos"
      }
    },
    "vpsadminos": {
      "locked": {
        "lastModified": 1771582184,
        "narHash": "sha256-gWttuL99qq18bQkLIM0TJiNnERvbyiosZvlb8hmslIo=",
        "owner": "vpsfreecz",
        "repo": "vpsadminos",
        "rev": "b48e737b40d58d9cdd2f1fef4491b83e463ce554",
        "type": "github"
      },
      "original": {
        "owner": "vpsfreecz",
        "ref": "staging",
        "repo": "vpsadminos",
        "type": "github"
      }
    }
  },
  "root": "root",
  "version": 7
}
